
Microsoft Visual Studio Solution File, Format Version 12.00
# Visual Studio 15
VisualStudioVersion = 15.0.28010.2019
MinimumVisualStudioVersion = 10.0.40219.1
Project("{8BC9CEB8-8B4A-11D0-8D11-00A0C91BC942}") = "FunctionPointers", "FunctionPointers\FunctionPointers.vcxproj", "{AA58955D-D810-4DC3-AF48-155D3E477095}"
EndProject
Global
	GlobalSection(SolutionConfigurationPlatforms) = preSolution
		Debug|x64 = Debug|x64
		Debug|x86 = Debug|x86
		Release|x64 = Release|x64
		Release|x86 = Release|x86
	EndGlobalSection
	GlobalSection(ProjectConfigurationPlatforms) = postSolution
		{AA58955D-D810-4DC3-AF48-155D3E477095}.Debug|x64.ActiveCfg = Debug|x64
		{AA58955D-D810-4DC3-AF48-155D3E477095}.Debug|x64.Build.0 = Debug|x64
		{AA58955D-D810-4DC3-AF48-155D3E477095}.Debug|x86.ActiveCfg = Debug|Win32
		{AA58955D-D810-4DC3-AF48-155D3E477095}.Debug|x86.Build.0 = Debug|Win32
		{AA58955D-D810-4DC3-AF48-155D3E477095}.Release|x64.ActiveCfg = Release|x64
		{AA58955D-D810-4DC3-AF48-155D3E477095}.Release|x64.Build.0 = Release|x64
		{AA58955D-D810-4DC3-AF48-155D3E477095}.Release|x86.ActiveCfg = Release|Win32
		{AA58955D-D810-4DC3-AF48-155D3E477095}.Release|x86.Build.0 = Release|Win32
	EndGlobalSection
	GlobalSection(SolutionProperties) = preSolution
		HideSolutionNode = FALSE
	EndGlobalSection
	GlobalSection(ExtensibilityGlobals) = postSolution
		SolutionGuid = {C43E919F-7BF5-427F-8101-A1CD837B025C}
	EndGlobalSection
EndGlobal
