
Microsoft Visual Studio Solution File, Format Version 12.00
# Visual Studio 15
VisualStudioVersion = 15.0.28010.2003
MinimumVisualStudioVersion = 10.0.40219.1
Project("{8BC9CEB8-8B4A-11D0-8D11-00A0C91BC942}") = "Week_2", "Week_2\Week_2.vcxproj", "{4A442EB4-40E9-41FA-A10E-0D98B0899D67}"
EndProject
Global
	GlobalSection(SolutionConfigurationPlatforms) = preSolution
		Debug|x64 = Debug|x64
		Debug|x86 = Debug|x86
		Release|x64 = Release|x64
		Release|x86 = Release|x86
	EndGlobalSection
	GlobalSection(ProjectConfigurationPlatforms) = postSolution
		{4A442EB4-40E9-41FA-A10E-0D98B0899D67}.Debug|x64.ActiveCfg = Debug|x64
		{4A442EB4-40E9-41FA-A10E-0D98B0899D67}.Debug|x64.Build.0 = Debug|x64
		{4A442EB4-40E9-41FA-A10E-0D98B0899D67}.Debug|x86.ActiveCfg = Debug|Win32
		{4A442EB4-40E9-41FA-A10E-0D98B0899D67}.Debug|x86.Build.0 = Debug|Win32
		{4A442EB4-40E9-41FA-A10E-0D98B0899D67}.Release|x64.ActiveCfg = Release|x64
		{4A442EB4-40E9-41FA-A10E-0D98B0899D67}.Release|x64.Build.0 = Release|x64
		{4A442EB4-40E9-41FA-A10E-0D98B0899D67}.Release|x86.ActiveCfg = Release|Win32
		{4A442EB4-40E9-41FA-A10E-0D98B0899D67}.Release|x86.Build.0 = Release|Win32
	EndGlobalSection
	GlobalSection(SolutionProperties) = preSolution
		HideSolutionNode = FALSE
	EndGlobalSection
	GlobalSection(ExtensibilityGlobals) = postSolution
		SolutionGuid = {0DC561B0-1B2B-4770-9B0C-B857513C65C5}
	EndGlobalSection
EndGlobal
