
Microsoft Visual Studio Solution File, Format Version 12.00
# Visual Studio 15
VisualStudioVersion = 15.0.27703.2047
MinimumVisualStudioVersion = 10.0.40219.1
Project("{8BC9CEB8-8B4A-11D0-8D11-00A0C91BC942}") = "Dynamic_Memory_Vectors", "Dynamic_Memory_Vectors\Dynamic_Memory_Vectors.vcxproj", "{C92077A4-ACD2-43A9-9334-161F82E5904E}"
EndProject
Global
	GlobalSection(SolutionConfigurationPlatforms) = preSolution
		Debug|x64 = Debug|x64
		Debug|x86 = Debug|x86
		Release|x64 = Release|x64
		Release|x86 = Release|x86
	EndGlobalSection
	GlobalSection(ProjectConfigurationPlatforms) = postSolution
		{C92077A4-ACD2-43A9-9334-161F82E5904E}.Debug|x64.ActiveCfg = Debug|x64
		{C92077A4-ACD2-43A9-9334-161F82E5904E}.Debug|x64.Build.0 = Debug|x64
		{C92077A4-ACD2-43A9-9334-161F82E5904E}.Debug|x86.ActiveCfg = Debug|Win32
		{C92077A4-ACD2-43A9-9334-161F82E5904E}.Debug|x86.Build.0 = Debug|Win32
		{C92077A4-ACD2-43A9-9334-161F82E5904E}.Release|x64.ActiveCfg = Release|x64
		{C92077A4-ACD2-43A9-9334-161F82E5904E}.Release|x64.Build.0 = Release|x64
		{C92077A4-ACD2-43A9-9334-161F82E5904E}.Release|x86.ActiveCfg = Release|Win32
		{C92077A4-ACD2-43A9-9334-161F82E5904E}.Release|x86.Build.0 = Release|Win32
	EndGlobalSection
	GlobalSection(SolutionProperties) = preSolution
		HideSolutionNode = FALSE
	EndGlobalSection
	GlobalSection(ExtensibilityGlobals) = postSolution
		SolutionGuid = {A7736D8B-0A05-40E4-B48E-A3B3248BF96B}
	EndGlobalSection
EndGlobal
